// !$*UTF8*$!
{
	archiveVersion = 1;
	classes = {
	};
	objectVersion = 77;
	objects = {

/* Begin PBXBuildFile section */
		0D5AF823F76FC1AAFE3361A4 /* XLogDecoder.swift in Sources */ = {isa = PBXBuildFile; fileRef = A50AE3E8403F26C49DEB1604 /* XLogDecoder.swift */; };
		1961667751F64A0A83D21EFE /* TEADecryptor.swift in Sources */ = {isa = PBXBuildFile; fileRef = 5D429B37D470F123100CD040 /* TEADecryptor.swift */; };
		29F1FFE9936F69831C0D2F6F /* ColorExtension.swift in Sources */ = {isa = PBXBuildFile; fileRef = 07E1573E48F3582787BD6A55 /* ColorExtension.swift */; };
		2C5E784E803FB940D23F2163 /* LogPreviewPanel.swift in Sources */ = {isa = PBXBuildFile; fileRef = 1BB0FA4C217D5C70AF965B38 /* LogPreviewPanel.swift */; };
		3417E9F57050B6AA4CD95755 /* XORDecryptor.swift in Sources */ = {isa = PBXBuildFile; fileRef = 68B78C974A1DB2D28345B427 /* XORDecryptor.swift */; };
		3967F09234D233CBCE07F01B /* GlassButton.swift in Sources */ = {isa = PBXBuildFile; fileRef = 5CD66758EC66431BFFC81439 /* GlassButton.swift */; };
		3A4A91ED467DD9C9221862AE /* GlassEffect.swift in Sources */ = {isa = PBXBuildFile; fileRef = DB7316BD8E0789F07E749C1C /* GlassEffect.swift */; };
		445FD9310248D1F14FD68E53 /* ZlibDecompressor.swift in Sources */ = {isa = PBXBuildFile; fileRef = A25DB466F3D198234DC53015 /* ZlibDecompressor.swift */; };
		7A282A8045E586BEA43CC5F8 /* MagicNumber.swift in Sources */ = {isa = PBXBuildFile; fileRef = DD875C0E4227426ECCF01B08 /* MagicNumber.swift */; };
		7F3BEDC54D78261B3800CC2B /* DecoderState.swift in Sources */ = {isa = PBXBuildFile; fileRef = 208D6BEE2039891580B9C9FC /* DecoderState.swift */; };
		8C7A6E9E70F1BCDF0748CAB7 /* LiquidProgressBar.swift in Sources */ = {isa = PBXBuildFile; fileRef = 8A6F2C5B05E45D25114751FA /* LiquidProgressBar.swift */; };
		B16BD10B8E2104A6CB8513D2 /* DecoderError.swift in Sources */ = {isa = PBXBuildFile; fileRef = DCB8CBF88EBB2B43689C05A4 /* DecoderError.swift */; };
		B62D2CE05D451C15B2F9ADD6 /* XLogDecoderApp.swift in Sources */ = {isa = PBXBuildFile; fileRef = 4431C8E36EFE7AC581DFE6C3 /* XLogDecoderApp.swift */; };
		B630FC6B860FAAAD2E443F4F /* FileDropZone.swift in Sources */ = {isa = PBXBuildFile; fileRef = B4708C336F014A5FD7BA1506 /* FileDropZone.swift */; };
		B793A00397626FEA56D865A0 /* LogHeader.swift in Sources */ = {isa = PBXBuildFile; fileRef = A5A41A86E4C71964BFA9A340 /* LogHeader.swift */; };
		CB8B1AEA142D2B68226CCB2C /* ContentView.swift in Sources */ = {isa = PBXBuildFile; fileRef = E65F8DB701400599E4C87E33 /* ContentView.swift */; };
		CF028024E56EE867F37E1FBD /* Constants.swift in Sources */ = {isa = PBXBuildFile; fileRef = F828C0296C26F2948F300286 /* Constants.swift */; };
		D97D709A92A6116589665942 /* HeaderParser.swift in Sources */ = {isa = PBXBuildFile; fileRef = AC1BABD1D372BD8A0741FE6C /* HeaderParser.swift */; };
/* End PBXBuildFile section */

/* Begin PBXFileReference section */
		07E1573E48F3582787BD6A55 /* ColorExtension.swift */ = {isa = PBXFileReference; lastKnownFileType = sourcecode.swift; path = ColorExtension.swift; sourceTree = "<group>"; };
		1BB0FA4C217D5C70AF965B38 /* LogPreviewPanel.swift */ = {isa = PBXFileReference; lastKnownFileType = sourcecode.swift; path = LogPreviewPanel.swift; sourceTree = "<group>"; };
		208D6BEE2039891580B9C9FC /* DecoderState.swift */ = {isa = PBXFileReference; lastKnownFileType = sourcecode.swift; path = DecoderState.swift; sourceTree = "<group>"; };
		27E8617DFF7F52200D9CA9C2 /* XLogDecoder.app */ = {isa = PBXFileReference; explicitFileType = wrapper.application; includeInIndex = 0; path = XLogDecoder.app; sourceTree = BUILT_PRODUCTS_DIR; };
		4431C8E36EFE7AC581DFE6C3 /* XLogDecoderApp.swift */ = {isa = PBXFileReference; lastKnownFileType = sourcecode.swift; path = XLogDecoderApp.swift; sourceTree = "<group>"; };
		5CD66758EC66431BFFC81439 /* GlassButton.swift */ = {isa = PBXFileReference; lastKnownFileType = sourcecode.swift; path = GlassButton.swift; sourceTree = "<group>"; };
		5D429B37D470F123100CD040 /* TEADecryptor.swift */ = {isa = PBXFileReference; lastKnownFileType = sourcecode.swift; path = TEADecryptor.swift; sourceTree = "<group>"; };
		68B78C974A1DB2D28345B427 /* XORDecryptor.swift */ = {isa = PBXFileReference; lastKnownFileType = sourcecode.swift; path = XORDecryptor.swift; sourceTree = "<group>"; };
		8A6F2C5B05E45D25114751FA /* LiquidProgressBar.swift */ = {isa = PBXFileReference; lastKnownFileType = sourcecode.swift; path = LiquidProgressBar.swift; sourceTree = "<group>"; };
		A25DB466F3D198234DC53015 /* ZlibDecompressor.swift */ = {isa = PBXFileReference; lastKnownFileType = sourcecode.swift; path = ZlibDecompressor.swift; sourceTree = "<group>"; };
		A50AE3E8403F26C49DEB1604 /* XLogDecoder.swift */ = {isa = PBXFileReference; lastKnownFileType = sourcecode.swift; path = XLogDecoder.swift; sourceTree = "<group>"; };
		A5A41A86E4C71964BFA9A340 /* LogHeader.swift */ = {isa = PBXFileReference; lastKnownFileType = sourcecode.swift; path = LogHeader.swift; sourceTree = "<group>"; };
		AC1BABD1D372BD8A0741FE6C /* HeaderParser.swift */ = {isa = PBXFileReference; lastKnownFileType = sourcecode.swift; path = HeaderParser.swift; sourceTree = "<group>"; };
		B4708C336F014A5FD7BA1506 /* FileDropZone.swift */ = {isa = PBXFileReference; lastKnownFileType = sourcecode.swift; path = FileDropZone.swift; sourceTree = "<group>"; };
		DB7316BD8E0789F07E749C1C /* GlassEffect.swift */ = {isa = PBXFileReference; lastKnownFileType = sourcecode.swift; path = GlassEffect.swift; sourceTree = "<group>"; };
		DCB8CBF88EBB2B43689C05A4 /* DecoderError.swift */ = {isa = PBXFileReference; lastKnownFileType = sourcecode.swift; path = DecoderError.swift; sourceTree = "<group>"; };
		DD875C0E4227426ECCF01B08 /* MagicNumber.swift */ = {isa = PBXFileReference; lastKnownFileType = sourcecode.swift; path = MagicNumber.swift; sourceTree = "<group>"; };
		E65F8DB701400599E4C87E33 /* ContentView.swift */ = {isa = PBXFileReference; lastKnownFileType = sourcecode.swift; path = ContentView.swift; sourceTree = "<group>"; };
		F828C0296C26F2948F300286 /* Constants.swift */ = {isa = PBXFileReference; lastKnownFileType = sourcecode.swift; path = Constants.swift; sourceTree = "<group>"; };
/* End PBXFileReference section */

/* Begin PBXGroup section */
		008318386BF17BF3048F10AF /* Services */ = {
			isa = PBXGroup;
			children = (
				4CE81C85A4DA0A7D417D5D38 /* Compression */,
				3ADD9633BB9859FB8A68C388 /* Decryption */,
				0AE19AB7E389D44FDBBC0E45 /* Parser */,
			);
			path = Services;
			sourceTree = "<group>";
		};
		0AE19AB7E389D44FDBBC0E45 /* Parser */ = {
			isa = PBXGroup;
			children = (
				AC1BABD1D372BD8A0741FE6C /* HeaderParser.swift */,
			);
			path = Parser;
			sourceTree = "<group>";
		};
		2C814095E5B2DEB0EB66C7E2 /* ViewModels */ = {
			isa = PBXGroup;
			children = (
				A50AE3E8403F26C49DEB1604 /* XLogDecoder.swift */,
			);
			path = ViewModels;
			sourceTree = "<group>";
		};
		2F8E105723BDC813CEEA0094 /* Models */ = {
			isa = PBXGroup;
			children = (
				DCB8CBF88EBB2B43689C05A4 /* DecoderError.swift */,
				208D6BEE2039891580B9C9FC /* DecoderState.swift */,
				A5A41A86E4C71964BFA9A340 /* LogHeader.swift */,
				DD875C0E4227426ECCF01B08 /* MagicNumber.swift */,
			);
			path = Models;
			sourceTree = "<group>";
		};
		3ADD9633BB9859FB8A68C388 /* Decryption */ = {
			isa = PBXGroup;
			children = (
				5D429B37D470F123100CD040 /* TEADecryptor.swift */,
				68B78C974A1DB2D28345B427 /* XORDecryptor.swift */,
			);
			path = Decryption;
			sourceTree = "<group>";
		};
		4CE81C85A4DA0A7D417D5D38 /* Compression */ = {
			isa = PBXGroup;
			children = (
				A25DB466F3D198234DC53015 /* ZlibDecompressor.swift */,
			);
			path = Compression;
			sourceTree = "<group>";
		};
		63BF2BAA313EBC9FC3BC429F /* Utilities */ = {
			isa = PBXGroup;
			children = (
				07E1573E48F3582787BD6A55 /* ColorExtension.swift */,
				F828C0296C26F2948F300286 /* Constants.swift */,
			);
			path = Utilities;
			sourceTree = "<group>";
		};
		66A8F0B49E43A55E85C09BAC = {
			isa = PBXGroup;
			children = (
				E65F8DB701400599E4C87E33 /* ContentView.swift */,
				4431C8E36EFE7AC581DFE6C3 /* XLogDecoderApp.swift */,
				2F8E105723BDC813CEEA0094 /* Models */,
				008318386BF17BF3048F10AF /* Services */,
				63BF2BAA313EBC9FC3BC429F /* Utilities */,
				2C814095E5B2DEB0EB66C7E2 /* ViewModels */,
				733E4A51CCA830EAC867AE9B /* Views */,
				AB4FB794E99854DF8980FE2D /* Products */,
			);
			sourceTree = "<group>";
		};
		733E4A51CCA830EAC867AE9B /* Views */ = {
			isa = PBXGroup;
			children = (
				B3A3BACC07FD0DA048059720 /* Components */,
				942A8AC3FDAB1C2130A323ED /* Modifiers */,
			);
			path = Views;
			sourceTree = "<group>";
		};
		942A8AC3FDAB1C2130A323ED /* Modifiers */ = {
			isa = PBXGroup;
			children = (
				DB7316BD8E0789F07E749C1C /* GlassEffect.swift */,
			);
			path = Modifiers;
			sourceTree = "<group>";
		};
		AB4FB794E99854DF8980FE2D /* Products */ = {
			isa = PBXGroup;
			children = (
				27E8617DFF7F52200D9CA9C2 /* XLogDecoder.app */,
			);
			name = Products;
			sourceTree = "<group>";
		};
		B3A3BACC07FD0DA048059720 /* Components */ = {
			isa = PBXGroup;
			children = (
				B4708C336F014A5FD7BA1506 /* FileDropZone.swift */,
				5CD66758EC66431BFFC81439 /* GlassButton.swift */,
				8A6F2C5B05E45D25114751FA /* LiquidProgressBar.swift */,
				1BB0FA4C217D5C70AF965B38 /* LogPreviewPanel.swift */,
			);
			path = Components;
			sourceTree = "<group>";
		};
/* End PBXGroup section */

/* Begin PBXNativeTarget section */
		BC6F8AF751DBA6CB19DBB1AD /* XLogDecoder */ = {
			isa = PBXNativeTarget;
			buildConfigurationList = DEDEAA563AB4B43BD489F8AD /* Build configuration list for PBXNativeTarget "XLogDecoder" */;
			buildPhases = (
				0F6E23A0AA51D110A52D415C /* Sources */,
			);
			buildRules = (
			);
			dependencies = (
			);
			name = XLogDecoder;
			packageProductDependencies = (
			);
			productName = XLogDecoder;
			productReference = 27E8617DFF7F52200D9CA9C2 /* XLogDecoder.app */;
			productType = "com.apple.product-type.application";
		};
/* End PBXNativeTarget section */

/* Begin PBXProject section */
		A8B83F2897785E2A4F0FD09A /* Project object */ = {
			isa = PBXProject;
			attributes = {
				BuildIndependentTargetsInParallel = YES;
				LastUpgradeCheck = 1430;
				TargetAttributes = {
					BC6F8AF751DBA6CB19DBB1AD = {
						DevelopmentTeam = "";
						ProvisioningStyle = Automatic;
					};
				};
			};
			buildConfigurationList = BC1E2640371BC37CD3625388 /* Build configuration list for PBXProject "XLogDecoder" */;
			compatibilityVersion = "Xcode 14.0";
			developmentRegion = en;
			hasScannedForEncodings = 0;
			knownRegions = (
				Base,
				en,
			);
			mainGroup = 66A8F0B49E43A55E85C09BAC;
			minimizedProjectReferenceProxies = 1;
			preferredProjectObjectVersion = 77;
			projectDirPath = "";
			projectRoot = "";
			targets = (
				BC6F8AF751DBA6CB19DBB1AD /* XLogDecoder */,
			);
		};
/* End PBXProject section */

/* Begin PBXSourcesBuildPhase section */
		0F6E23A0AA51D110A52D415C /* Sources */ = {
			isa = PBXSourcesBuildPhase;
			buildActionMask = 2147483647;
			files = (
				29F1FFE9936F69831C0D2F6F /* ColorExtension.swift in Sources */,
				CF028024E56EE867F37E1FBD /* Constants.swift in Sources */,
				CB8B1AEA142D2B68226CCB2C /* ContentView.swift in Sources */,
				B16BD10B8E2104A6CB8513D2 /* DecoderError.swift in Sources */,
				7F3BEDC54D78261B3800CC2B /* DecoderState.swift in Sources */,
				B630FC6B860FAAAD2E443F4F /* FileDropZone.swift in Sources */,
				3967F09234D233CBCE07F01B /* GlassButton.swift in Sources */,
				3A4A91ED467DD9C9221862AE /* GlassEffect.swift in Sources */,
				D97D709A92A6116589665942 /* HeaderParser.swift in Sources */,
				8C7A6E9E70F1BCDF0748CAB7 /* LiquidProgressBar.swift in Sources */,
				B793A00397626FEA56D865A0 /* LogHeader.swift in Sources */,
				2C5E784E803FB940D23F2163 /* LogPreviewPanel.swift in Sources */,
				7A282A8045E586BEA43CC5F8 /* MagicNumber.swift in Sources */,
				1961667751F64A0A83D21EFE /* TEADecryptor.swift in Sources */,
				0D5AF823F76FC1AAFE3361A4 /* XLogDecoder.swift in Sources */,
				B62D2CE05D451C15B2F9ADD6 /* XLogDecoderApp.swift in Sources */,
				3417E9F57050B6AA4CD95755 /* XORDecryptor.swift in Sources */,
				445FD9310248D1F14FD68E53 /* ZlibDecompressor.swift in Sources */,
			);
			runOnlyForDeploymentPostprocessing = 0;
		};
/* End PBXSourcesBuildPhase section */

/* Begin XCBuildConfiguration section */
		2742649179CA22F39E1172A4 /* Debug */ = {
			isa = XCBuildConfiguration;
			buildSettings = {
				ASSETCATALOG_COMPILER_APPICON_NAME = AppIcon;
				CODE_SIGN_IDENTITY = "-";
				CODE_SIGN_STYLE = Automatic;
				COMBINE_HIDPI_IMAGES = YES;
				DEVELOPMENT_TEAM = "";
				ENABLE_PREVIEWS = YES;
				GENERATE_INFOPLIST_FILE = NO;
				INFOPLIST_FILE = Info.plist;
				LD_RUNPATH_SEARCH_PATHS = (
					"$(inherited)",
					"@executable_path/../Frameworks",
				);
				MACOSX_DEPLOYMENT_TARGET = 14.0;
				PRODUCT_BUNDLE_IDENTIFIER = com.yuxilong.XLogDecoder;
				PRODUCT_NAME = XLogDecoder;
				SDKROOT = macosx;
				SWIFT_VERSION = 5.9;
			};
			name = Debug;
		};
		9AE5CEFBF4AE94B5C700FBAD /* Debug */ = {
			isa = XCBuildConfiguration;
			buildSettings = {
				ALWAYS_SEARCH_USER_PATHS = NO;
				CLANG_ANALYZER_NONNULL = YES;
				CLANG_ANALYZER_NUMBER_OBJECT_CONVERSION = YES_AGGRESSIVE;
				CLANG_CXX_LANGUAGE_STANDARD = "gnu++14";
				CLANG_CXX_LIBRARY = "libc++";
				CLANG_ENABLE_MODULES = YES;
				CLANG_ENABLE_OBJC_ARC = YES;
				CLANG_ENABLE_OBJC_WEAK = YES;
				CLANG_WARN_BLOCK_CAPTURE_AUTORELEASING = YES;
				CLANG_WARN_BOOL_CONVERSION = YES;
				CLANG_WARN_COMMA = YES;
				CLANG_WARN_CONSTANT_CONVERSION = YES;
				CLANG_WARN_DEPRECATED_OBJC_IMPLEMENTATIONS = YES;
				CLANG_WARN_DIRECT_OBJC_ISA_USAGE = YES_ERROR;
				CLANG_WARN_DOCUMENTATION_COMMENTS = YES;
				CLANG_WARN_EMPTY_BODY = YES;
				CLANG_WARN_ENUM_CONVERSION = YES;
				CLANG_WARN_INFINITE_RECURSION = YES;
				CLANG_WARN_INT_CONVERSION = YES;
				CLANG_WARN_NON_LITERAL_NULL_CONVERSION = YES;
				CLANG_WARN_OBJC_IMPLICIT_RETAIN_SELF = YES;
				CLANG_WARN_OBJC_LITERAL_CONVERSION = YES;
				CLANG_WARN_OBJC_ROOT_CLASS = YES_ERROR;
				CLANG_WARN_QUOTED_INCLUDE_IN_FRAMEWORK_HEADER = YES;
				CLANG_WARN_RANGE_LOOP_ANALYSIS = YES;
				CLANG_WARN_STRICT_PROTOTYPES = YES;
				CLANG_WARN_SUSPICIOUS_MOVE = YES;
				CLANG_WARN_UNGUARDED_AVAILABILITY = YES_AGGRESSIVE;
				CLANG_WARN_UNREACHABLE_CODE = YES;
				CLANG_WARN__DUPLICATE_METHOD_MATCH = YES;
				COPY_PHASE_STRIP = NO;
				CURRENT_PROJECT_VERSION = 1;
				DEBUG_INFORMATION_FORMAT = dwarf;
				ENABLE_STRICT_OBJC_MSGSEND = YES;
				ENABLE_TESTABILITY = YES;
				GCC_C_LANGUAGE_STANDARD = gnu11;
				GCC_DYNAMIC_NO_PIC = NO;
				GCC_NO_COMMON_BLOCKS = YES;
				GCC_OPTIMIZATION_LEVEL = 0;
				GCC_PREPROCESSOR_DEFINITIONS = (
					"$(inherited)",
					"DEBUG=1",
				);
				GCC_WARN_64_TO_32_BIT_CONVERSION = YES;
				GCC_WARN_ABOUT_RETURN_TYPE = YES_ERROR;
				GCC_WARN_UNDECLARED_SELECTOR = YES;
				GCC_WARN_UNINITIALIZED_AUTOS = YES_AGGRESSIVE;
				GCC_WARN_UNUSED_FUNCTION = YES;
				GCC_WARN_UNUSED_VARIABLE = YES;
				MACOSX_DEPLOYMENT_TARGET = 14.0;
				MARKETING_VERSION = 1.0.0;
				MTL_ENABLE_DEBUG_INFO = INCLUDE_SOURCE;
				MTL_FAST_MATH = YES;
				ONLY_ACTIVE_ARCH = YES;
				PRODUCT_NAME = "$(TARGET_NAME)";
				SDKROOT = macosx;
				SWIFT_ACTIVE_COMPILATION_CONDITIONS = DEBUG;
				SWIFT_OPTIMIZATION_LEVEL = "-Onone";
				SWIFT_VERSION = 5.0;
			};
			name = Debug;
		};
		B11E8BD559C3857900C32BC5 /* Release */ = {
			isa = XCBuildConfiguration;
			buildSettings = {
				ALWAYS_SEARCH_USER_PATHS = NO;
				CLANG_ANALYZER_NONNULL = YES;
				CLANG_ANALYZER_NUMBER_OBJECT_CONVERSION = YES_AGGRESSIVE;
				CLANG_CXX_LANGUAGE_STANDARD = "gnu++14";
				CLANG_CXX_LIBRARY = "libc++";
				CLANG_ENABLE_MODULES = YES;
				CLANG_ENABLE_OBJC_ARC = YES;
				CLANG_ENABLE_OBJC_WEAK = YES;
				CLANG_WARN_BLOCK_CAPTURE_AUTORELEASING = YES;
				CLANG_WARN_BOOL_CONVERSION = YES;
				CLANG_WARN_COMMA = YES;
				CLANG_WARN_CONSTANT_CONVERSION = YES;
				CLANG_WARN_DEPRECATED_OBJC_IMPLEMENTATIONS = YES;
				CLANG_WARN_DIRECT_OBJC_ISA_USAGE = YES_ERROR;
				CLANG_WARN_DOCUMENTATION_COMMENTS = YES;
				CLANG_WARN_EMPTY_BODY = YES;
				CLANG_WARN_ENUM_CONVERSION = YES;
				CLANG_WARN_INFINITE_RECURSION = YES;
				CLANG_WARN_INT_CONVERSION = YES;
				CLANG_WARN_NON_LITERAL_NULL_CONVERSION = YES;
				CLANG_WARN_OBJC_IMPLICIT_RETAIN_SELF = YES;
				CLANG_WARN_OBJC_LITERAL_CONVERSION = YES;
				CLANG_WARN_OBJC_ROOT_CLASS = YES_ERROR;
				CLANG_WARN_QUOTED_INCLUDE_IN_FRAMEWORK_HEADER = YES;
				CLANG_WARN_RANGE_LOOP_ANALYSIS = YES;
				CLANG_WARN_STRICT_PROTOTYPES = YES;
				CLANG_WARN_SUSPICIOUS_MOVE = YES;
				CLANG_WARN_UNGUARDED_AVAILABILITY = YES_AGGRESSIVE;
				CLANG_WARN_UNREACHABLE_CODE = YES;
				CLANG_WARN__DUPLICATE_METHOD_MATCH = YES;
				COPY_PHASE_STRIP = NO;
				CURRENT_PROJECT_VERSION = 1;
				DEBUG_INFORMATION_FORMAT = "dwarf-with-dsym";
				ENABLE_NS_ASSERTIONS = NO;
				ENABLE_STRICT_OBJC_MSGSEND = YES;
				GCC_C_LANGUAGE_STANDARD = gnu11;
				GCC_NO_COMMON_BLOCKS = YES;
				GCC_WARN_64_TO_32_BIT_CONVERSION = YES;
				GCC_WARN_ABOUT_RETURN_TYPE = YES_ERROR;
				GCC_WARN_UNDECLARED_SELECTOR = YES;
				GCC_WARN_UNINITIALIZED_AUTOS = YES_AGGRESSIVE;
				GCC_WARN_UNUSED_FUNCTION = YES;
				GCC_WARN_UNUSED_VARIABLE = YES;
				MACOSX_DEPLOYMENT_TARGET = 14.0;
				MARKETING_VERSION = 1.0.0;
				MTL_ENABLE_DEBUG_INFO = NO;
				MTL_FAST_MATH = YES;
				PRODUCT_NAME = "$(TARGET_NAME)";
				SDKROOT = macosx;
				SWIFT_COMPILATION_MODE = wholemodule;
				SWIFT_OPTIMIZATION_LEVEL = "-O";
				SWIFT_VERSION = 5.0;
			};
			name = Release;
		};
		E481C99B795917F8565AB99B /* Release */ = {
			isa = XCBuildConfiguration;
			buildSettings = {
				ASSETCATALOG_COMPILER_APPICON_NAME = AppIcon;
				CODE_SIGN_IDENTITY = "-";
				CODE_SIGN_STYLE = Automatic;
				COMBINE_HIDPI_IMAGES = YES;
				DEVELOPMENT_TEAM = "";
				ENABLE_PREVIEWS = YES;
				GENERATE_INFOPLIST_FILE = NO;
				INFOPLIST_FILE = Info.plist;
				LD_RUNPATH_SEARCH_PATHS = (
					"$(inherited)",
					"@executable_path/../Frameworks",
				);
				MACOSX_DEPLOYMENT_TARGET = 14.0;
				PRODUCT_BUNDLE_IDENTIFIER = com.yuxilong.XLogDecoder;
				PRODUCT_NAME = XLogDecoder;
				SDKROOT = macosx;
				SWIFT_VERSION = 5.9;
			};
			name = Release;
		};
/* End XCBuildConfiguration section */

/* Begin XCConfigurationList section */
		BC1E2640371BC37CD3625388 /* Build configuration list for PBXProject "XLogDecoder" */ = {
			isa = XCConfigurationList;
			buildConfigurations = (
				9AE5CEFBF4AE94B5C700FBAD /* Debug */,
				B11E8BD559C3857900C32BC5 /* Release */,
			);
			defaultConfigurationIsVisible = 0;
			defaultConfigurationName = Debug;
		};
		DEDEAA563AB4B43BD489F8AD /* Build configuration list for PBXNativeTarget "XLogDecoder" */ = {
			isa = XCConfigurationList;
			buildConfigurations = (
				2742649179CA22F39E1172A4 /* Debug */,
				E481C99B795917F8565AB99B /* Release */,
			);
			defaultConfigurationIsVisible = 0;
			defaultConfigurationName = Debug;
		};
/* End XCConfigurationList section */
	};
	rootObject = A8B83F2897785E2A4F0FD09A /* Project object */;
}
